// !$*UTF8*$!
{
	archiveVersion = 1;
	classes = {
	};
	objectVersion = 55;
	objects = {

/* Begin PBXBuildFile section */
		460A8E2628CF095B0077B9D4 /* SCDream4.otf in Resources */ = {isa = PBXBuildFile; fileRef = 460A8E2528CF09580077B9D4 /* SCDream4.otf */; };
		460A8E2728CF095D0077B9D4 /* SCDream5.otf in Resources */ = {isa = PBXBuildFile; fileRef = 460A8E2428CF09580077B9D4 /* SCDream5.otf */; };
		460A8E2C28CF0A130077B9D4 /* WeatherListCell.xib in Resources */ = {isa = PBXBuildFile; fileRef = 460A8E2B28CF0A130077B9D4 /* WeatherListCell.xib */; };
		460A8E3128CF0F2B0077B9D4 /* WeatherListCell.swift in Sources */ = {isa = PBXBuildFile; fileRef = 460A8E3028CF0F2B0077B9D4 /* WeatherListCell.swift */; };
		46CF533328CF0603004A37E4 /* AppDelegate.swift in Sources */ = {isa = PBXBuildFile; fileRef = 46CF533228CF0603004A37E4 /* AppDelegate.swift */; };
		46CF533528CF0603004A37E4 /* SceneDelegate.swift in Sources */ = {isa = PBXBuildFile; fileRef = 46CF533428CF0603004A37E4 /* SceneDelegate.swift */; };
		46CF533728CF0603004A37E4 /* WeatherListViewController.swift in Sources */ = {isa = PBXBuildFile; fileRef = 46CF533628CF0603004A37E4 /* WeatherListViewController.swift */; };
		46CF533A28CF0603004A37E4 /* Main.storyboard in Resources */ = {isa = PBXBuildFile; fileRef = 46CF533828CF0603004A37E4 /* Main.storyboard */; };
		46CF533C28CF0605004A37E4 /* Assets.xcassets in Resources */ = {isa = PBXBuildFile; fileRef = 46CF533B28CF0605004A37E4 /* Assets.xcassets */; };
		46CF533F28CF0605004A37E4 /* LaunchScreen.storyboard in Resources */ = {isa = PBXBuildFile; fileRef = 46CF533D28CF0605004A37E4 /* LaunchScreen.storyboard */; };
		46E7CD5028CF103B0051FF0D /* Defines.swift in Sources */ = {isa = PBXBuildFile; fileRef = 46E7CD4F28CF103B0051FF0D /* Defines.swift */; };
		46E7CD5328CF14500051FF0D /* Responses.swift in Sources */ = {isa = PBXBuildFile; fileRef = 46E7CD5228CF14500051FF0D /* Responses.swift */; };
		46E7CD5628CF153B0051FF0D /* UIImageView+Extension.swift in Sources */ = {isa = PBXBuildFile; fileRef = 46E7CD5528CF153B0051FF0D /* UIImageView+Extension.swift */; };
		46E7CD5928CF157D0051FF0D /* ImageCacher.swift in Sources */ = {isa = PBXBuildFile; fileRef = 46E7CD5828CF157D0051FF0D /* ImageCacher.swift */; };
		46E7CD5B28CF16C90051FF0D /* URLSession+Extension.swift in Sources */ = {isa = PBXBuildFile; fileRef = 46E7CD5A28CF16C90051FF0D /* URLSession+Extension.swift */; };
		46E7CD5D28CF1ECB0051FF0D /* NSObject+Extension.swift in Sources */ = {isa = PBXBuildFile; fileRef = 46E7CD5C28CF1ECB0051FF0D /* NSObject+Extension.swift */; };
/* End PBXBuildFile section */

/* Begin PBXFileReference section */
		460A8E2428CF09580077B9D4 /* SCDream5.otf */ = {isa = PBXFileReference; lastKnownFileType = file; path = SCDream5.otf; sourceTree = "<group>"; };
		460A8E2528CF09580077B9D4 /* SCDream4.otf */ = {isa = PBXFileReference; lastKnownFileType = file; path = SCDream4.otf; sourceTree = "<group>"; };
		460A8E2B28CF0A130077B9D4 /* WeatherListCell.xib */ = {isa = PBXFileReference; lastKnownFileType = file.xib; path = WeatherListCell.xib; sourceTree = "<group>"; };
		460A8E3028CF0F2B0077B9D4 /* WeatherListCell.swift */ = {isa = PBXFileReference; lastKnownFileType = sourcecode.swift; path = WeatherListCell.swift; sourceTree = "<group>"; };
		46CF532F28CF0603004A37E4 /* wanted_pre_onboarding.app */ = {isa = PBXFileReference; explicitFileType = wrapper.application; includeInIndex = 0; path = wanted_pre_onboarding.app; sourceTree = BUILT_PRODUCTS_DIR; };
		46CF533228CF0603004A37E4 /* AppDelegate.swift */ = {isa = PBXFileReference; lastKnownFileType = sourcecode.swift; path = AppDelegate.swift; sourceTree = "<group>"; };
		46CF533428CF0603004A37E4 /* SceneDelegate.swift */ = {isa = PBXFileReference; lastKnownFileType = sourcecode.swift; path = SceneDelegate.swift; sourceTree = "<group>"; };
		46CF533628CF0603004A37E4 /* WeatherListViewController.swift */ = {isa = PBXFileReference; lastKnownFileType = sourcecode.swift; path = WeatherListViewController.swift; sourceTree = "<group>"; };
		46CF533928CF0603004A37E4 /* Base */ = {isa = PBXFileReference; lastKnownFileType = file.storyboard; name = Base; path = Base.lproj/Main.storyboard; sourceTree = "<group>"; };
		46CF533B28CF0605004A37E4 /* Assets.xcassets */ = {isa = PBXFileReference; lastKnownFileType = folder.assetcatalog; path = Assets.xcassets; sourceTree = "<group>"; };
		46CF533E28CF0605004A37E4 /* Base */ = {isa = PBXFileReference; lastKnownFileType = file.storyboard; name = Base; path = Base.lproj/LaunchScreen.storyboard; sourceTree = "<group>"; };
		46CF534028CF0605004A37E4 /* Info.plist */ = {isa = PBXFileReference; lastKnownFileType = text.plist.xml; path = Info.plist; sourceTree = "<group>"; };
		46E7CD4F28CF103B0051FF0D /* Defines.swift */ = {isa = PBXFileReference; lastKnownFileType = sourcecode.swift; path = Defines.swift; sourceTree = "<group>"; };
		46E7CD5228CF14500051FF0D /* Responses.swift */ = {isa = PBXFileReference; lastKnownFileType = sourcecode.swift; path = Responses.swift; sourceTree = "<group>"; };
		46E7CD5528CF153B0051FF0D /* UIImageView+Extension.swift */ = {isa = PBXFileReference; lastKnownFileType = sourcecode.swift; path = "UIImageView+Extension.swift"; sourceTree = "<group>"; };
		46E7CD5828CF157D0051FF0D /* ImageCacher.swift */ = {isa = PBXFileReference; lastKnownFileType = sourcecode.swift; path = ImageCacher.swift; sourceTree = "<group>"; };
		46E7CD5A28CF16C90051FF0D /* URLSession+Extension.swift */ = {isa = PBXFileReference; lastKnownFileType = sourcecode.swift; path = "URLSession+Extension.swift"; sourceTree = "<group>"; };
		46E7CD5C28CF1ECB0051FF0D /* NSObject+Extension.swift */ = {isa = PBXFileReference; lastKnownFileType = sourcecode.swift; path = "NSObject+Extension.swift"; sourceTree = "<group>"; };
/* End PBXFileReference section */

/* Begin PBXFrameworksBuildPhase section */
		46CF532C28CF0603004A37E4 /* Frameworks */ = {
			isa = PBXFrameworksBuildPhase;
			buildActionMask = 2147483647;
			files = (
			);
			runOnlyForDeploymentPostprocessing = 0;
		};
/* End PBXFrameworksBuildPhase section */

/* Begin PBXGroup section */
		460A8E2328CF09490077B9D4 /* Fonts */ = {
			isa = PBXGroup;
			children = (
				460A8E2528CF09580077B9D4 /* SCDream4.otf */,
				460A8E2428CF09580077B9D4 /* SCDream5.otf */,
			);
			path = Fonts;
			sourceTree = "<group>";
		};
		460A8E2828CF09F70077B9D4 /* LifeCycles */ = {
			isa = PBXGroup;
			children = (
				46CF533228CF0603004A37E4 /* AppDelegate.swift */,
				46CF533428CF0603004A37E4 /* SceneDelegate.swift */,
			);
			path = LifeCycles;
			sourceTree = "<group>";
		};
		460A8E2928CF09FF0077B9D4 /* ViewControllers */ = {
			isa = PBXGroup;
			children = (
				460A8E2A28CF0A050077B9D4 /* Cell */,
				46CF533628CF0603004A37E4 /* WeatherListViewController.swift */,
			);
			path = ViewControllers;
			sourceTree = "<group>";
		};
		460A8E2A28CF0A050077B9D4 /* Cell */ = {
			isa = PBXGroup;
			children = (
				460A8E2B28CF0A130077B9D4 /* WeatherListCell.xib */,
				460A8E3028CF0F2B0077B9D4 /* WeatherListCell.swift */,
			);
			path = Cell;
			sourceTree = "<group>";
		};
		460A8E2D28CF0EF90077B9D4 /* Storyboards */ = {
			isa = PBXGroup;
			children = (
				46CF533D28CF0605004A37E4 /* LaunchScreen.storyboard */,
				46CF533828CF0603004A37E4 /* Main.storyboard */,
			);
			path = Storyboards;
			sourceTree = "<group>";
		};
		460A8E2E28CF0F090077B9D4 /* Resources */ = {
			isa = PBXGroup;
			children = (
				46CF533B28CF0605004A37E4 /* Assets.xcassets */,
				460A8E2328CF09490077B9D4 /* Fonts */,
				460A8E2D28CF0EF90077B9D4 /* Storyboards */,
			);
			path = Resources;
			sourceTree = "<group>";
		};
		460A8E2F28CF0F110077B9D4 /* Sources */ = {
			isa = PBXGroup;
			children = (
				46E7CD5728CF15730051FF0D /* Util */,
				46E7CD5428CF15310051FF0D /* Extensions */,
				46E7CD5128CF13EF0051FF0D /* Network */,
				460A8E2828CF09F70077B9D4 /* LifeCycles */,
				460A8E2928CF09FF0077B9D4 /* ViewControllers */,
			);
			path = Sources;
			sourceTree = "<group>";
		};
		46CF532628CF0603004A37E4 = {
			isa = PBXGroup;
			children = (
				46CF533128CF0603004A37E4 /* wanted_pre_onboarding */,
				46CF533028CF0603004A37E4 /* Products */,
			);
			sourceTree = "<group>";
		};
		46CF533028CF0603004A37E4 /* Products */ = {
			isa = PBXGroup;
			children = (
				46CF532F28CF0603004A37E4 /* wanted_pre_onboarding.app */,
			);
			name = Products;
			sourceTree = "<group>";
		};
		46CF533128CF0603004A37E4 /* wanted_pre_onboarding */ = {
			isa = PBXGroup;
			children = (
				46CF534028CF0605004A37E4 /* Info.plist */,
				460A8E2E28CF0F090077B9D4 /* Resources */,
				460A8E2F28CF0F110077B9D4 /* Sources */,
			);
			path = wanted_pre_onboarding;
			sourceTree = "<group>";
		};
		46E7CD5128CF13EF0051FF0D /* Network */ = {
			isa = PBXGroup;
			children = (
				46E7CD5228CF14500051FF0D /* Responses.swift */,
			);
			path = Network;
			sourceTree = "<group>";
		};
		46E7CD5428CF15310051FF0D /* Extensions */ = {
			isa = PBXGroup;
			children = (
				46E7CD5528CF153B0051FF0D /* UIImageView+Extension.swift */,
				46E7CD5A28CF16C90051FF0D /* URLSession+Extension.swift */,
				46E7CD5C28CF1ECB0051FF0D /* NSObject+Extension.swift */,
			);
			path = Extensions;
			sourceTree = "<group>";
		};
		46E7CD5728CF15730051FF0D /* Util */ = {
			isa = PBXGroup;
			children = (
				46E7CD4F28CF103B0051FF0D /* Defines.swift */,
				46E7CD5828CF157D0051FF0D /* ImageCacher.swift */,
			);
			path = Util;
			sourceTree = "<group>";
		};
/* End PBXGroup section */

/* Begin PBXNativeTarget section */
		46CF532E28CF0603004A37E4 /* wanted_pre_onboarding */ = {
			isa = PBXNativeTarget;
			buildConfigurationList = 46CF534328CF0605004A37E4 /* Build configuration list for PBXNativeTarget "wanted_pre_onboarding" */;
			buildPhases = (
				46CF532B28CF0603004A37E4 /* Sources */,
				46CF532C28CF0603004A37E4 /* Frameworks */,
				46CF532D28CF0603004A37E4 /* Resources */,
			);
			buildRules = (
			);
			dependencies = (
			);
			name = wanted_pre_onboarding;
			productName = wanted_pre_onboarding;
			productReference = 46CF532F28CF0603004A37E4 /* wanted_pre_onboarding.app */;
			productType = "com.apple.product-type.application";
		};
/* End PBXNativeTarget section */

/* Begin PBXProject section */
		46CF532728CF0603004A37E4 /* Project object */ = {
			isa = PBXProject;
			attributes = {
				BuildIndependentTargetsInParallel = 1;
				LastSwiftUpdateCheck = 1340;
				LastUpgradeCheck = 1340;
				TargetAttributes = {
					46CF532E28CF0603004A37E4 = {
						CreatedOnToolsVersion = 13.4.1;
					};
				};
			};
			buildConfigurationList = 46CF532A28CF0603004A37E4 /* Build configuration list for PBXProject "wanted_pre_onboarding" */;
			compatibilityVersion = "Xcode 13.0";
			developmentRegion = en;
			hasScannedForEncodings = 0;
			knownRegions = (
				en,
				Base,
			);
			mainGroup = 46CF532628CF0603004A37E4;
			productRefGroup = 46CF533028CF0603004A37E4 /* Products */;
			projectDirPath = "";
			projectRoot = "";
			targets = (
				46CF532E28CF0603004A37E4 /* wanted_pre_onboarding */,
			);
		};
/* End PBXProject section */

/* Begin PBXResourcesBuildPhase section */
		46CF532D28CF0603004A37E4 /* Resources */ = {
			isa = PBXResourcesBuildPhase;
			buildActionMask = 2147483647;
			files = (
				460A8E2C28CF0A130077B9D4 /* WeatherListCell.xib in Resources */,
				460A8E2728CF095D0077B9D4 /* SCDream5.otf in Resources */,
				46CF533F28CF0605004A37E4 /* LaunchScreen.storyboard in Resources */,
				46CF533C28CF0605004A37E4 /* Assets.xcassets in Resources */,
				460A8E2628CF095B0077B9D4 /* SCDream4.otf in Resources */,
				46CF533A28CF0603004A37E4 /* Main.storyboard in Resources */,
			);
			runOnlyForDeploymentPostprocessing = 0;
		};
/* End PBXResourcesBuildPhase section */

/* Begin PBXSourcesBuildPhase section */
		46CF532B28CF0603004A37E4 /* Sources */ = {
			isa = PBXSourcesBuildPhase;
			buildActionMask = 2147483647;
			files = (
				46E7CD5328CF14500051FF0D /* Responses.swift in Sources */,
				460A8E3128CF0F2B0077B9D4 /* WeatherListCell.swift in Sources */,
				46E7CD5628CF153B0051FF0D /* UIImageView+Extension.swift in Sources */,
				46CF533728CF0603004A37E4 /* WeatherListViewController.swift in Sources */,
				46CF533328CF0603004A37E4 /* AppDelegate.swift in Sources */,
				46E7CD5D28CF1ECB0051FF0D /* NSObject+Extension.swift in Sources */,
				46E7CD5B28CF16C90051FF0D /* URLSession+Extension.swift in Sources */,
				46E7CD5928CF157D0051FF0D /* ImageCacher.swift in Sources */,
				46E7CD5028CF103B0051FF0D /* Defines.swift in Sources */,
				46CF533528CF0603004A37E4 /* SceneDelegate.swift in Sources */,
			);
			runOnlyForDeploymentPostprocessing = 0;
		};
/* End PBXSourcesBuildPhase section */

/* Begin PBXVariantGroup section */
		46CF533828CF0603004A37E4 /* Main.storyboard */ = {
			isa = PBXVariantGroup;
			children = (
				46CF533928CF0603004A37E4 /* Base */,
			);
			name = Main.storyboard;
			sourceTree = "<group>";
		};
		46CF533D28CF0605004A37E4 /* LaunchScreen.storyboard */ = {
			isa = PBXVariantGroup;
			children = (
				46CF533E28CF0605004A37E4 /* Base */,
			);
			name = LaunchScreen.storyboard;
			sourceTree = "<group>";
		};
/* End PBXVariantGroup section */

/* Begin XCBuildConfiguration section */
		46CF534128CF0605004A37E4 /* Debug */ = {
			isa = XCBuildConfiguration;
			buildSettings = {
				ALWAYS_SEARCH_USER_PATHS = NO;
				CLANG_ANALYZER_NONNULL = YES;
				CLANG_ANALYZER_NUMBER_OBJECT_CONVERSION = YES_AGGRESSIVE;
				CLANG_CXX_LANGUAGE_STANDARD = "gnu++17";
				CLANG_ENABLE_MODULES = YES;
				CLANG_ENABLE_OBJC_ARC = YES;
				CLANG_ENABLE_OBJC_WEAK = YES;
				CLANG_WARN_BLOCK_CAPTURE_AUTORELEASING = YES;
				CLANG_WARN_BOOL_CONVERSION = YES;
				CLANG_WARN_COMMA = YES;
				CLANG_WARN_CONSTANT_CONVERSION = YES;
				CLANG_WARN_DEPRECATED_OBJC_IMPLEMENTATIONS = YES;
				CLANG_WARN_DIRECT_OBJC_ISA_USAGE = YES_ERROR;
				CLANG_WARN_DOCUMENTATION_COMMENTS = YES;
				CLANG_WARN_EMPTY_BODY = YES;
				CLANG_WARN_ENUM_CONVERSION = YES;
				CLANG_WARN_INFINITE_RECURSION = YES;
				CLANG_WARN_INT_CONVERSION = YES;
				CLANG_WARN_NON_LITERAL_NULL_CONVERSION = YES;
				CLANG_WARN_OBJC_IMPLICIT_RETAIN_SELF = YES;
				CLANG_WARN_OBJC_LITERAL_CONVERSION = YES;
				CLANG_WARN_OBJC_ROOT_CLASS = YES_ERROR;
				CLANG_WARN_QUOTED_INCLUDE_IN_FRAMEWORK_HEADER = YES;
				CLANG_WARN_RANGE_LOOP_ANALYSIS = YES;
				CLANG_WARN_STRICT_PROTOTYPES = YES;
				CLANG_WARN_SUSPICIOUS_MOVE = YES;
				CLANG_WARN_UNGUARDED_AVAILABILITY = YES_AGGRESSIVE;
				CLANG_WARN_UNREACHABLE_CODE = YES;
				CLANG_WARN__DUPLICATE_METHOD_MATCH = YES;
				COPY_PHASE_STRIP = NO;
				DEBUG_INFORMATION_FORMAT = dwarf;
				ENABLE_STRICT_OBJC_MSGSEND = YES;
				ENABLE_TESTABILITY = YES;
				GCC_C_LANGUAGE_STANDARD = gnu11;
				GCC_DYNAMIC_NO_PIC = NO;
				GCC_NO_COMMON_BLOCKS = YES;
				GCC_OPTIMIZATION_LEVEL = 0;
				GCC_PREPROCESSOR_DEFINITIONS = (
					"DEBUG=1",
					"$(inherited)",
				);
				GCC_WARN_64_TO_32_BIT_CONVERSION = YES;
				GCC_WARN_ABOUT_RETURN_TYPE = YES_ERROR;
				GCC_WARN_UNDECLARED_SELECTOR = YES;
				GCC_WARN_UNINITIALIZED_AUTOS = YES_AGGRESSIVE;
				GCC_WARN_UNUSED_FUNCTION = YES;
				GCC_WARN_UNUSED_VARIABLE = YES;
				IPHONEOS_DEPLOYMENT_TARGET = 15.5;
				MTL_ENABLE_DEBUG_INFO = INCLUDE_SOURCE;
				MTL_FAST_MATH = YES;
				ONLY_ACTIVE_ARCH = YES;
				SDKROOT = iphoneos;
				SWIFT_ACTIVE_COMPILATION_CONDITIONS = DEBUG;
				SWIFT_OPTIMIZATION_LEVEL = "-Onone";
			};
			name = Debug;
		};
		46CF534228CF0605004A37E4 /* Release */ = {
			isa = XCBuildConfiguration;
			buildSettings = {
				ALWAYS_SEARCH_USER_PATHS = NO;
				CLANG_ANALYZER_NONNULL = YES;
				CLANG_ANALYZER_NUMBER_OBJECT_CONVERSION = YES_AGGRESSIVE;
				CLANG_CXX_LANGUAGE_STANDARD = "gnu++17";
				CLANG_ENABLE_MODULES = YES;
				CLANG_ENABLE_OBJC_ARC = YES;
				CLANG_ENABLE_OBJC_WEAK = YES;
				CLANG_WARN_BLOCK_CAPTURE_AUTORELEASING = YES;
				CLANG_WARN_BOOL_CONVERSION = YES;
				CLANG_WARN_COMMA = YES;
				CLANG_WARN_CONSTANT_CONVERSION = YES;
				CLANG_WARN_DEPRECATED_OBJC_IMPLEMENTATIONS = YES;
				CLANG_WARN_DIRECT_OBJC_ISA_USAGE = YES_ERROR;
				CLANG_WARN_DOCUMENTATION_COMMENTS = YES;
				CLANG_WARN_EMPTY_BODY = YES;
				CLANG_WARN_ENUM_CONVERSION = YES;
				CLANG_WARN_INFINITE_RECURSION = YES;
				CLANG_WARN_INT_CONVERSION = YES;
				CLANG_WARN_NON_LITERAL_NULL_CONVERSION = YES;
				CLANG_WARN_OBJC_IMPLICIT_RETAIN_SELF = YES;
				CLANG_WARN_OBJC_LITERAL_CONVERSION = YES;
				CLANG_WARN_OBJC_ROOT_CLASS = YES_ERROR;
				CLANG_WARN_QUOTED_INCLUDE_IN_FRAMEWORK_HEADER = YES;
				CLANG_WARN_RANGE_LOOP_ANALYSIS = YES;
				CLANG_WARN_STRICT_PROTOTYPES = YES;
				CLANG_WARN_SUSPICIOUS_MOVE = YES;
				CLANG_WARN_UNGUARDED_AVAILABILITY = YES_AGGRESSIVE;
				CLANG_WARN_UNREACHABLE_CODE = YES;
				CLANG_WARN__DUPLICATE_METHOD_MATCH = YES;
				COPY_PHASE_STRIP = NO;
				DEBUG_INFORMATION_FORMAT = "dwarf-with-dsym";
				ENABLE_NS_ASSERTIONS = NO;
				ENABLE_STRICT_OBJC_MSGSEND = YES;
				GCC_C_LANGUAGE_STANDARD = gnu11;
				GCC_NO_COMMON_BLOCKS = YES;
				GCC_WARN_64_TO_32_BIT_CONVERSION = YES;
				GCC_WARN_ABOUT_RETURN_TYPE = YES_ERROR;
				GCC_WARN_UNDECLARED_SELECTOR = YES;
				GCC_WARN_UNINITIALIZED_AUTOS = YES_AGGRESSIVE;
				GCC_WARN_UNUSED_FUNCTION = YES;
				GCC_WARN_UNUSED_VARIABLE = YES;
				IPHONEOS_DEPLOYMENT_TARGET = 15.5;
				MTL_ENABLE_DEBUG_INFO = NO;
				MTL_FAST_MATH = YES;
				SDKROOT = iphoneos;
				SWIFT_COMPILATION_MODE = wholemodule;
				SWIFT_OPTIMIZATION_LEVEL = "-O";
				VALIDATE_PRODUCT = YES;
			};
			name = Release;
		};
		46CF534428CF0605004A37E4 /* Debug */ = {
			isa = XCBuildConfiguration;
			buildSettings = {
				ASSETCATALOG_COMPILER_APPICON_NAME = AppIcon;
				ASSETCATALOG_COMPILER_GLOBAL_ACCENT_COLOR_NAME = AccentColor;
				CODE_SIGN_STYLE = Automatic;
				CURRENT_PROJECT_VERSION = 1;
				DEVELOPMENT_TEAM = U9B2QVCTVS;
				GENERATE_INFOPLIST_FILE = YES;
				INFOPLIST_FILE = wanted_pre_onboarding/Info.plist;
				INFOPLIST_KEY_UIApplicationSupportsIndirectInputEvents = YES;
				INFOPLIST_KEY_UILaunchStoryboardName = LaunchScreen;
				INFOPLIST_KEY_UIMainStoryboardFile = Main;
				INFOPLIST_KEY_UISupportedInterfaceOrientations_iPad = "UIInterfaceOrientationPortrait UIInterfaceOrientationPortraitUpsideDown UIInterfaceOrientationLandscapeLeft UIInterfaceOrientationLandscapeRight";
				INFOPLIST_KEY_UISupportedInterfaceOrientations_iPhone = "UIInterfaceOrientationPortrait UIInterfaceOrientationLandscapeLeft UIInterfaceOrientationLandscapeRight";
				LD_RUNPATH_SEARCH_PATHS = (
					"$(inherited)",
					"@executable_path/Frameworks",
				);
				MARKETING_VERSION = 1.0;
				PRODUCT_BUNDLE_IDENTIFIER = "me.codecamper.wanted-pre-onboarding";
				PRODUCT_NAME = "$(TARGET_NAME)";
				SWIFT_EMIT_LOC_STRINGS = YES;
				SWIFT_VERSION = 5.0;
				TARGETED_DEVICE_FAMILY = "1,2";
			};
			name = Debug;
		};
		46CF534528CF0605004A37E4 /* Release */ = {
			isa = XCBuildConfiguration;
			buildSettings = {
				ASSETCATALOG_COMPILER_APPICON_NAME = AppIcon;
				ASSETCATALOG_COMPILER_GLOBAL_ACCENT_COLOR_NAME = AccentColor;
				CODE_SIGN_STYLE = Automatic;
				CURRENT_PROJECT_VERSION = 1;
				DEVELOPMENT_TEAM = U9B2QVCTVS;
				GENERATE_INFOPLIST_FILE = YES;
				INFOPLIST_FILE = wanted_pre_onboarding/Info.plist;
				INFOPLIST_KEY_UIApplicationSupportsIndirectInputEvents = YES;
				INFOPLIST_KEY_UILaunchStoryboardName = LaunchScreen;
				INFOPLIST_KEY_UIMainStoryboardFile = Main;
				INFOPLIST_KEY_UISupportedInterfaceOrientations_iPad = "UIInterfaceOrientationPortrait UIInterfaceOrientationPortraitUpsideDown UIInterfaceOrientationLandscapeLeft UIInterfaceOrientationLandscapeRight";
				INFOPLIST_KEY_UISupportedInterfaceOrientations_iPhone = "UIInterfaceOrientationPortrait UIInterfaceOrientationLandscapeLeft UIInterfaceOrientationLandscapeRight";
				LD_RUNPATH_SEARCH_PATHS = (
					"$(inherited)",
					"@executable_path/Frameworks",
				);
				MARKETING_VERSION = 1.0;
				PRODUCT_BUNDLE_IDENTIFIER = "me.codecamper.wanted-pre-onboarding";
				PRODUCT_NAME = "$(TARGET_NAME)";
				SWIFT_EMIT_LOC_STRINGS = YES;
				SWIFT_VERSION = 5.0;
				TARGETED_DEVICE_FAMILY = "1,2";
			};
			name = Release;
		};
/* End XCBuildConfiguration section */

/* Begin XCConfigurationList section */
		46CF532A28CF0603004A37E4 /* Build configuration list for PBXProject "wanted_pre_onboarding" */ = {
			isa = XCConfigurationList;
			buildConfigurations = (
				46CF534128CF0605004A37E4 /* Debug */,
				46CF534228CF0605004A37E4 /* Release */,
			);
			defaultConfigurationIsVisible = 0;
			defaultConfigurationName = Release;
		};
		46CF534328CF0605004A37E4 /* Build configuration list for PBXNativeTarget "wanted_pre_onboarding" */ = {
			isa = XCConfigurationList;
			buildConfigurations = (
				46CF534428CF0605004A37E4 /* Debug */,
				46CF534528CF0605004A37E4 /* Release */,
			);
			defaultConfigurationIsVisible = 0;
			defaultConfigurationName = Release;
		};
/* End XCConfigurationList section */
	};
	rootObject = 46CF532728CF0603004A37E4 /* Project object */;
}
